
Microsoft Visual Studio Solution File, Format Version 12.00
# Visual Studio Version 17
VisualStudioVersion = 17.8.34511.84
MinimumVisualStudioVersion = 10.0.40219.1
Project("{2150E333-8FDC-42A3-9474-1A3956D46DE8}") = "docs", "docs", "{0744D5CF-E747-4228-BB04-D22692490471}"
EndProject
Project("{2150E333-8FDC-42A3-9474-1A3956D46DE8}") = "src", "src", "{7703FF0B-669E-41AD-BFE2-A9E19D23E340}"
EndProject
Project("{2150E333-8FDC-42A3-9474-1A3956D46DE8}") = "tests", "tests", "{F8310505-966F-43B3-93B9-F139684B57BA}"
EndProject
Project("{2150E333-8FDC-42A3-9474-1A3956D46DE8}") = "Core", "Core", "{33CAB122-6BE9-4648-801B-ED400DB0EBC9}"
EndProject
Project("{2150E333-8FDC-42A3-9474-1A3956D46DE8}") = "Framework", "Framework", "{6814866A-740A-4FD6-AFEE-BEA77470C1F3}"
EndProject
Project("{2150E333-8FDC-42A3-9474-1A3956D46DE8}") = "Infrastructure", "Infrastructure", "{88A542AD-B454-46D9-85CB-3FEAD28CF0D4}"
EndProject
Project("{9A19103F-16F7-4668-BE54-9A1E7A4F7556}") = "Resources", "src\Core\Resources\Resources.csproj", "{F65983A7-66AB-49D7-A7B9-52FE5E75C662}"
EndProject
Project("{9A19103F-16F7-4668-BE54-9A1E7A4F7556}") = "Domain", "src\Core\Domain\Domain.csproj", "{0D597AB6-EC8E-4DCD-BDC8-F77949BF86F7}"
EndProject
Project("{9A19103F-16F7-4668-BE54-9A1E7A4F7556}") = "Application", "src\Core\Application\Application.csproj", "{DE44B9C4-AAA1-4C3D-B3D7-568DA412B5BD}"
EndProject
Project("{9A19103F-16F7-4668-BE54-9A1E7A4F7556}") = "Dtat.Seedwork.Abstractions", "src\Framework\Dtat.Seedwork.Abstractions\Dtat.Seedwork.Abstractions.csproj", "{3766495C-706E-4259-9E09-00D223D53FB7}"
EndProject
Project("{2150E333-8FDC-42A3-9474-1A3956D46DE8}") = "Presentation", "Presentation", "{4190C080-20E1-40DB-8780-0BCD7830CA8F}"
EndProject
Project("{9A19103F-16F7-4668-BE54-9A1E7A4F7556}") = "Client", "src\Presentation\Client\Client.csproj", "{38A6E1B2-5874-4098-87C4-5C9B7914E777}"
EndProject
Project("{9A19103F-16F7-4668-BE54-9A1E7A4F7556}") = "Infrastructure", "src\Infrastructure\Infrastructure\Infrastructure.csproj", "{1B5E94A2-27BB-42BA-A229-D903E4AAAA82}"
EndProject
Project("{9A19103F-16F7-4668-BE54-9A1E7A4F7556}") = "Persistence", "src\Infrastructure\Persistence\Persistence.csproj", "{23AF0761-D6B4-4A66-9062-3BF885EC233A}"
EndProject
Project("{9A19103F-16F7-4668-BE54-9A1E7A4F7556}") = "Dtat", "src\Framework\Dtat\Dtat.csproj", "{7A3C6788-E3DE-4238-9836-2B7A6D761C5A}"
EndProject
Global
	GlobalSection(SolutionConfigurationPlatforms) = preSolution
		Debug|Any CPU = Debug|Any CPU
		Release|Any CPU = Release|Any CPU
	EndGlobalSection
	GlobalSection(ProjectConfigurationPlatforms) = postSolution
		{F65983A7-66AB-49D7-A7B9-52FE5E75C662}.Debug|Any CPU.ActiveCfg = Debug|Any CPU
		{F65983A7-66AB-49D7-A7B9-52FE5E75C662}.Debug|Any CPU.Build.0 = Debug|Any CPU
		{F65983A7-66AB-49D7-A7B9-52FE5E75C662}.Release|Any CPU.ActiveCfg = Release|Any CPU
		{F65983A7-66AB-49D7-A7B9-52FE5E75C662}.Release|Any CPU.Build.0 = Release|Any CPU
		{0D597AB6-EC8E-4DCD-BDC8-F77949BF86F7}.Debug|Any CPU.ActiveCfg = Debug|Any CPU
		{0D597AB6-EC8E-4DCD-BDC8-F77949BF86F7}.Debug|Any CPU.Build.0 = Debug|Any CPU
		{0D597AB6-EC8E-4DCD-BDC8-F77949BF86F7}.Release|Any CPU.ActiveCfg = Release|Any CPU
		{0D597AB6-EC8E-4DCD-BDC8-F77949BF86F7}.Release|Any CPU.Build.0 = Release|Any CPU
		{DE44B9C4-AAA1-4C3D-B3D7-568DA412B5BD}.Debug|Any CPU.ActiveCfg = Debug|Any CPU
		{DE44B9C4-AAA1-4C3D-B3D7-568DA412B5BD}.Debug|Any CPU.Build.0 = Debug|Any CPU
		{DE44B9C4-AAA1-4C3D-B3D7-568DA412B5BD}.Release|Any CPU.ActiveCfg = Release|Any CPU
		{DE44B9C4-AAA1-4C3D-B3D7-568DA412B5BD}.Release|Any CPU.Build.0 = Release|Any CPU
		{3766495C-706E-4259-9E09-00D223D53FB7}.Debug|Any CPU.ActiveCfg = Debug|Any CPU
		{3766495C-706E-4259-9E09-00D223D53FB7}.Debug|Any CPU.Build.0 = Debug|Any CPU
		{3766495C-706E-4259-9E09-00D223D53FB7}.Release|Any CPU.ActiveCfg = Release|Any CPU
		{3766495C-706E-4259-9E09-00D223D53FB7}.Release|Any CPU.Build.0 = Release|Any CPU
		{38A6E1B2-5874-4098-87C4-5C9B7914E777}.Debug|Any CPU.ActiveCfg = Debug|Any CPU
		{38A6E1B2-5874-4098-87C4-5C9B7914E777}.Debug|Any CPU.Build.0 = Debug|Any CPU
		{38A6E1B2-5874-4098-87C4-5C9B7914E777}.Release|Any CPU.ActiveCfg = Release|Any CPU
		{38A6E1B2-5874-4098-87C4-5C9B7914E777}.Release|Any CPU.Build.0 = Release|Any CPU
		{1B5E94A2-27BB-42BA-A229-D903E4AAAA82}.Debug|Any CPU.ActiveCfg = Debug|Any CPU
		{1B5E94A2-27BB-42BA-A229-D903E4AAAA82}.Debug|Any CPU.Build.0 = Debug|Any CPU
		{1B5E94A2-27BB-42BA-A229-D903E4AAAA82}.Release|Any CPU.ActiveCfg = Release|Any CPU
		{1B5E94A2-27BB-42BA-A229-D903E4AAAA82}.Release|Any CPU.Build.0 = Release|Any CPU
		{23AF0761-D6B4-4A66-9062-3BF885EC233A}.Debug|Any CPU.ActiveCfg = Debug|Any CPU
		{23AF0761-D6B4-4A66-9062-3BF885EC233A}.Debug|Any CPU.Build.0 = Debug|Any CPU
		{23AF0761-D6B4-4A66-9062-3BF885EC233A}.Release|Any CPU.ActiveCfg = Release|Any CPU
		{23AF0761-D6B4-4A66-9062-3BF885EC233A}.Release|Any CPU.Build.0 = Release|Any CPU
		{7A3C6788-E3DE-4238-9836-2B7A6D761C5A}.Debug|Any CPU.ActiveCfg = Debug|Any CPU
		{7A3C6788-E3DE-4238-9836-2B7A6D761C5A}.Debug|Any CPU.Build.0 = Debug|Any CPU
		{7A3C6788-E3DE-4238-9836-2B7A6D761C5A}.Release|Any CPU.ActiveCfg = Release|Any CPU
		{7A3C6788-E3DE-4238-9836-2B7A6D761C5A}.Release|Any CPU.Build.0 = Release|Any CPU
	EndGlobalSection
	GlobalSection(SolutionProperties) = preSolution
		HideSolutionNode = FALSE
	EndGlobalSection
	GlobalSection(NestedProjects) = preSolution
		{33CAB122-6BE9-4648-801B-ED400DB0EBC9} = {7703FF0B-669E-41AD-BFE2-A9E19D23E340}
		{6814866A-740A-4FD6-AFEE-BEA77470C1F3} = {7703FF0B-669E-41AD-BFE2-A9E19D23E340}
		{88A542AD-B454-46D9-85CB-3FEAD28CF0D4} = {7703FF0B-669E-41AD-BFE2-A9E19D23E340}
		{F65983A7-66AB-49D7-A7B9-52FE5E75C662} = {33CAB122-6BE9-4648-801B-ED400DB0EBC9}
		{0D597AB6-EC8E-4DCD-BDC8-F77949BF86F7} = {33CAB122-6BE9-4648-801B-ED400DB0EBC9}
		{DE44B9C4-AAA1-4C3D-B3D7-568DA412B5BD} = {33CAB122-6BE9-4648-801B-ED400DB0EBC9}
		{3766495C-706E-4259-9E09-00D223D53FB7} = {6814866A-740A-4FD6-AFEE-BEA77470C1F3}
		{4190C080-20E1-40DB-8780-0BCD7830CA8F} = {7703FF0B-669E-41AD-BFE2-A9E19D23E340}
		{38A6E1B2-5874-4098-87C4-5C9B7914E777} = {4190C080-20E1-40DB-8780-0BCD7830CA8F}
		{1B5E94A2-27BB-42BA-A229-D903E4AAAA82} = {88A542AD-B454-46D9-85CB-3FEAD28CF0D4}
		{23AF0761-D6B4-4A66-9062-3BF885EC233A} = {88A542AD-B454-46D9-85CB-3FEAD28CF0D4}
		{7A3C6788-E3DE-4238-9836-2B7A6D761C5A} = {6814866A-740A-4FD6-AFEE-BEA77470C1F3}
	EndGlobalSection
	GlobalSection(ExtensibilityGlobals) = postSolution
		SolutionGuid = {5DE9DEFA-9E1A-4CB4-9201-00FD0B833AC2}
	EndGlobalSection
EndGlobal
